// !$*UTF8*$!
{
	archiveVersion = 1;
	classes = {
	};
	objectVersion = 50;
	objects = {

/* Begin PBXBuildFile section */
		50236B9021899A9F009282A3 /* AppDelegate.m in Sources */ = {isa = PBXBuildFile; fileRef = 50236B8F21899A9F009282A3 /* AppDelegate.m */; };
		50236B9321899A9F009282A3 /* ViewController.m in Sources */ = {isa = PBXBuildFile; fileRef = 50236B9221899A9F009282A3 /* ViewController.m */; };
		50236B9621899A9F009282A3 /* Main.storyboard in Resources */ = {isa = PBXBuildFile; fileRef = 50236B9421899A9F009282A3 /* Main.storyboard */; };
		50236B9821899AA1009282A3 /* Assets.xcassets in Resources */ = {isa = PBXBuildFile; fileRef = 50236B9721899AA1009282A3 /* Assets.xcassets */; };
		50236B9B21899AA1009282A3 /* LaunchScreen.storyboard in Resources */ = {isa = PBXBuildFile; fileRef = 50236B9921899AA1009282A3 /* LaunchScreen.storyboard */; };
		50236B9E21899AA1009282A3 /* main.m in Sources */ = {isa = PBXBuildFile; fileRef = 50236B9D21899AA1009282A3 /* main.m */; };
		50236BA521899CA5009282A3 /* Beautiful-Bangladesh-English.png in Resources */ = {isa = PBXBuildFile; fileRef = 50236BA421899CA5009282A3 /* Beautiful-Bangladesh-English.png */; };
		CE56A55D2189FBC300E67758 /* visitbanla.png in Resources */ = {isa = PBXBuildFile; fileRef = CE56A55C2189FBC200E67758 /* visitbanla.png */; };
		CE56A55F2189FD6700E67758 /* ict.png in Resources */ = {isa = PBXBuildFile; fileRef = CE56A55E2189FD6700E67758 /* ict.png */; };
		CE7B89CF219B08E8005E9BFA /* up.png in Resources */ = {isa = PBXBuildFile; fileRef = CE7B89CE219B08E7005E9BFA /* up.png */; };
		CE7B89D1219B08F0005E9BFA /* down.png in Resources */ = {isa = PBXBuildFile; fileRef = CE7B89D0219B08F0005E9BFA /* down.png */; };
		CE7B89D6219B4180005E9BFA /* menu.png in Resources */ = {isa = PBXBuildFile; fileRef = CE7B89D5219B4180005E9BFA /* menu.png */; };
		CE7B89D8219D6DAF005E9BFA /* map.png in Resources */ = {isa = PBXBuildFile; fileRef = CE7B89D7219D6DAF005E9BFA /* map.png */; };
		CE7B89DA219D7A17005E9BFA /* back.png in Resources */ = {isa = PBXBuildFile; fileRef = CE7B89D9219D7A17005E9BFA /* back.png */; };
		CE7B89DD219D8708005E9BFA /* MapKit.framework in Frameworks */ = {isa = PBXBuildFile; fileRef = CE7B89DC219D8708005E9BFA /* MapKit.framework */; };
		CEBA299221A4370900D22099 /* alu.jpg in Resources */ = {isa = PBXBuildFile; fileRef = CEBA299121A4370900D22099 /* alu.jpg */; };
		CEBA299421A4371000D22099 /* amiyakhum.jpg in Resources */ = {isa = PBXBuildFile; fileRef = CEBA299321A4371000D22099 /* amiyakhum.jpg */; };
		CEBA299621A4371800D22099 /* Bangabhaban.jpg in Resources */ = {isa = PBXBuildFile; fileRef = CEBA299521A4371800D22099 /* Bangabhaban.jpg */; };
		CEBA299821A4371F00D22099 /* boga.jpg in Resources */ = {isa = PBXBuildFile; fileRef = CEBA299721A4371E00D22099 /* boga.jpg */; };
		CEBA299A21A4372500D22099 /* Curjon hall.jpeg in Resources */ = {isa = PBXBuildFile; fileRef = CEBA299921A4372500D22099 /* Curjon hall.jpeg */; };
		CEBA299C21A4372E00D22099 /* greenland.jpg in Resources */ = {isa = PBXBuildFile; fileRef = CEBA299B21A4372E00D22099 /* greenland.jpg */; };
		CEBA299E21A4373600D22099 /* himchori.jpeg in Resources */ = {isa = PBXBuildFile; fileRef = CEBA299D21A4373600D22099 /* himchori.jpeg */; };
		CEBA29A021A4373F00D22099 /* jaflong.jpg in Resources */ = {isa = PBXBuildFile; fileRef = CEBA299F21A4373F00D22099 /* jaflong.jpg */; };
		CEBA29A221A4374600D22099 /* lalbagh.JPG in Resources */ = {isa = PBXBuildFile; fileRef = CEBA29A121A4374600D22099 /* lalbagh.JPG */; };
		CEBA29A421A4374D00D22099 /* maynamati.jpg in Resources */ = {isa = PBXBuildFile; fileRef = CEBA29A321A4374D00D22099 /* maynamati.jpg */; };
		CEBA29A621A4375600D22099 /* nafakhum.jpg in Resources */ = {isa = PBXBuildFile; fileRef = CEBA29A521A4375600D22099 /* nafakhum.jpg */; };
		CEBA29A821A4375C00D22099 /* nandan.jpg in Resources */ = {isa = PBXBuildFile; fileRef = CEBA29A721A4375C00D22099 /* nandan.jpg */; };
		CEBA29AA21A4376400D22099 /* prantik.jpg in Resources */ = {isa = PBXBuildFile; fileRef = CEBA29A921A4376400D22099 /* prantik.jpg */; };
		CEBA29AC21A4376B00D22099 /* Rajban.jpg in Resources */ = {isa = PBXBuildFile; fileRef = CEBA29AB21A4376B00D22099 /* Rajban.jpg */; };
		CEBA29AE21A4377200D22099 /* ramna .jpg in Resources */ = {isa = PBXBuildFile; fileRef = CEBA29AD21A4377200D22099 /* ramna .jpg */; };
		CEBA29B021A4377900D22099 /* rasel.jpg in Resources */ = {isa = PBXBuildFile; fileRef = CEBA29AF21A4377800D22099 /* rasel.jpg */; };
		CEBA29B221A4377F00D22099 /* rich.jpg in Resources */ = {isa = PBXBuildFile; fileRef = CEBA29B121A4377F00D22099 /* rich.jpg */; };
		CEBA29B421A4378600D22099 /* sonadia.jpg in Resources */ = {isa = PBXBuildFile; fileRef = CEBA29B321A4378600D22099 /* sonadia.jpg */; };
		CEBA29B621A4378C00D22099 /* Teknaf.jpg in Resources */ = {isa = PBXBuildFile; fileRef = CEBA29B521A4378C00D22099 /* Teknaf.jpg */; };
		CEBA29B821A4379300D22099 /* zinda.jpg in Resources */ = {isa = PBXBuildFile; fileRef = CEBA29B721A4379200D22099 /* zinda.jpg */; };
		CEC7484821A1DB6E00C70145 /* ExpandingCell.xib in Resources */ = {isa = PBXBuildFile; fileRef = CEC7484721A1DB6E00C70145 /* ExpandingCell.xib */; };
		CEC7484B21A1DBDC00C70145 /* ExpandingCell.m in Sources */ = {isa = PBXBuildFile; fileRef = CEC7484A21A1DBDC00C70145 /* ExpandingCell.m */; };
		CEC7484F21A319B200C70145 /* DetailViewController.m in Sources */ = {isa = PBXBuildFile; fileRef = CEC7484D21A319B200C70145 /* DetailViewController.m */; };
		CEC7485021A319B200C70145 /* DetailViewController.xib in Resources */ = {isa = PBXBuildFile; fileRef = CEC7484E21A319B200C70145 /* DetailViewController.xib */; };
		CEC7485221A31EF800C70145 /* golden_temple.jpg in Resources */ = {isa = PBXBuildFile; fileRef = CEC7485121A31EF800C70145 /* golden_temple.jpg */; };
		CEC7485421A3E6B600C70145 /* Ahsan_Manzil.jpg in Resources */ = {isa = PBXBuildFile; fileRef = CEC7485321A3E6B600C70145 /* Ahsan_Manzil.jpg */; };
		CEC7485621A3E6C000C70145 /* bagha.jpeg in Resources */ = {isa = PBXBuildFile; fileRef = CEC7485521A3E6C000C70145 /* bagha.jpeg */; };
		CEC7485821A3E6D600C70145 /* shat_gambuj.jpeg in Resources */ = {isa = PBXBuildFile; fileRef = CEC7485721A3E6D600C70145 /* shat_gambuj.jpeg */; };
		CEC7485A21A3E6DD00C70145 /* tara.jpg in Resources */ = {isa = PBXBuildFile; fileRef = CEC7485921A3E6DD00C70145 /* tara.jpg */; };
		CEC776C121917ED900C5F5B9 /* 3.png in Resources */ = {isa = PBXBuildFile; fileRef = CEC776C021917ED800C5F5B9 /* 3.png */; };
/* End PBXBuildFile section */

/* Begin PBXFileReference section */
		50236B8B21899A9F009282A3 /* tripBD.app */ = {isa = PBXFileReference; explicitFileType = wrapper.application; includeInIndex = 0; path = tripBD.app; sourceTree = BUILT_PRODUCTS_DIR; };
		50236B8E21899A9F009282A3 /* AppDelegate.h */ = {isa = PBXFileReference; lastKnownFileType = sourcecode.c.h; path = AppDelegate.h; sourceTree = "<group>"; };
		50236B8F21899A9F009282A3 /* AppDelegate.m */ = {isa = PBXFileReference; lastKnownFileType = sourcecode.c.objc; path = AppDelegate.m; sourceTree = "<group>"; };
		50236B9121899A9F009282A3 /* ViewController.h */ = {isa = PBXFileReference; lastKnownFileType = sourcecode.c.h; path = ViewController.h; sourceTree = "<group>"; };
		50236B9221899A9F009282A3 /* ViewController.m */ = {isa = PBXFileReference; lastKnownFileType = sourcecode.c.objc; path = ViewController.m; sourceTree = "<group>"; };
		50236B9521899A9F009282A3 /* Base */ = {isa = PBXFileReference; lastKnownFileType = file.storyboard; name = Base; path = Base.lproj/Main.storyboard; sourceTree = "<group>"; };
		50236B9721899AA1009282A3 /* Assets.xcassets */ = {isa = PBXFileReference; lastKnownFileType = folder.assetcatalog; path = Assets.xcassets; sourceTree = "<group>"; };
		50236B9A21899AA1009282A3 /* Base */ = {isa = PBXFileReference; lastKnownFileType = file.storyboard; name = Base; path = Base.lproj/LaunchScreen.storyboard; sourceTree = "<group>"; };
		50236B9C21899AA1009282A3 /* Info.plist */ = {isa = PBXFileReference; lastKnownFileType = text.plist.xml; path = Info.plist; sourceTree = "<group>"; };
		50236B9D21899AA1009282A3 /* main.m */ = {isa = PBXFileReference; lastKnownFileType = sourcecode.c.objc; path = main.m; sourceTree = "<group>"; };
		50236BA421899CA5009282A3 /* Beautiful-Bangladesh-English.png */ = {isa = PBXFileReference; lastKnownFileType = image.png; path = "Beautiful-Bangladesh-English.png"; sourceTree = "<group>"; };
		CE56A55C2189FBC200E67758 /* visitbanla.png */ = {isa = PBXFileReference; lastKnownFileType = image.png; path = visitbanla.png; sourceTree = "<group>"; };
		CE56A55E2189FD6700E67758 /* ict.png */ = {isa = PBXFileReference; lastKnownFileType = image.png; path = ict.png; sourceTree = "<group>"; };
		CE7B89CE219B08E7005E9BFA /* up.png */ = {isa = PBXFileReference; lastKnownFileType = image.png; path = up.png; sourceTree = "<group>"; };
		CE7B89D0219B08F0005E9BFA /* down.png */ = {isa = PBXFileReference; lastKnownFileType = image.png; path = down.png; sourceTree = "<group>"; };
		CE7B89D5219B4180005E9BFA /* menu.png */ = {isa = PBXFileReference; lastKnownFileType = image.png; path = menu.png; sourceTree = "<group>"; };
		CE7B89D7219D6DAF005E9BFA /* map.png */ = {isa = PBXFileReference; lastKnownFileType = image.png; path = map.png; sourceTree = "<group>"; };
		CE7B89D9219D7A17005E9BFA /* back.png */ = {isa = PBXFileReference; lastKnownFileType = image.png; path = back.png; sourceTree = "<group>"; };
		CE7B89DC219D8708005E9BFA /* MapKit.framework */ = {isa = PBXFileReference; lastKnownFileType = wrapper.framework; name = MapKit.framework; path = System/Library/Frameworks/MapKit.framework; sourceTree = SDKROOT; };
		CEBA299121A4370900D22099 /* alu.jpg */ = {isa = PBXFileReference; lastKnownFileType = image.jpeg; name = alu.jpg; path = ../../../alu.jpg; sourceTree = "<group>"; };
		CEBA299321A4371000D22099 /* amiyakhum.jpg */ = {isa = PBXFileReference; lastKnownFileType = image.jpeg; name = amiyakhum.jpg; path = ../../../amiyakhum.jpg; sourceTree = "<group>"; };
		CEBA299521A4371800D22099 /* Bangabhaban.jpg */ = {isa = PBXFileReference; lastKnownFileType = image.jpeg; name = Bangabhaban.jpg; path = ../../../Bangabhaban.jpg; sourceTree = "<group>"; };
		CEBA299721A4371E00D22099 /* boga.jpg */ = {isa = PBXFileReference; lastKnownFileType = image.jpeg; name = boga.jpg; path = ../../../boga.jpg; sourceTree = "<group>"; };
		CEBA299921A4372500D22099 /* Curjon hall.jpeg */ = {isa = PBXFileReference; lastKnownFileType = image.jpeg; name = "Curjon hall.jpeg"; path = "../../../Curjon hall.jpeg"; sourceTree = "<group>"; };
		CEBA299B21A4372E00D22099 /* greenland.jpg */ = {isa = PBXFileReference; lastKnownFileType = image.jpeg; name = greenland.jpg; path = ../../../greenland.jpg; sourceTree = "<group>"; };
		CEBA299D21A4373600D22099 /* himchori.jpeg */ = {isa = PBXFileReference; lastKnownFileType = image.jpeg; name = himchori.jpeg; path = ../../../himchori.jpeg; sourceTree = "<group>"; };
		CEBA299F21A4373F00D22099 /* jaflong.jpg */ = {isa = PBXFileReference; lastKnownFileType = image.jpeg; name = jaflong.jpg; path = ../../../jaflong.jpg; sourceTree = "<group>"; };
		CEBA29A121A4374600D22099 /* lalbagh.JPG */ = {isa = PBXFileReference; lastKnownFileType = image.jpeg; name = lalbagh.JPG; path = ../../../lalbagh.JPG; sourceTree = "<group>"; };
		CEBA29A321A4374D00D22099 /* maynamati.jpg */ = {isa = PBXFileReference; lastKnownFileType = image.jpeg; name = maynamati.jpg; path = ../../../maynamati.jpg; sourceTree = "<group>"; };
		CEBA29A521A4375600D22099 /* nafakhum.jpg */ = {isa = PBXFileReference; lastKnownFileType = image.jpeg; name = nafakhum.jpg; path = ../../../nafakhum.jpg; sourceTree = "<group>"; };
		CEBA29A721A4375C00D22099 /* nandan.jpg */ = {isa = PBXFileReference; lastKnownFileType = image.jpeg; name = nandan.jpg; path = ../../../nandan.jpg; sourceTree = "<group>"; };
		CEBA29A921A4376400D22099 /* prantik.jpg */ = {isa = PBXFileReference; lastKnownFileType = image.jpeg; name = prantik.jpg; path = ../../../prantik.jpg; sourceTree = "<group>"; };
		CEBA29AB21A4376B00D22099 /* Rajban.jpg */ = {isa = PBXFileReference; lastKnownFileType = image.jpeg; name = Rajban.jpg; path = ../../../Rajban.jpg; sourceTree = "<group>"; };
		CEBA29AD21A4377200D22099 /* ramna .jpg */ = {isa = PBXFileReference; lastKnownFileType = image.jpeg; name = "ramna .jpg"; path = "../../../ramna .jpg"; sourceTree = "<group>"; };
		CEBA29AF21A4377800D22099 /* rasel.jpg */ = {isa = PBXFileReference; lastKnownFileType = image.jpeg; name = rasel.jpg; path = ../../../rasel.jpg; sourceTree = "<group>"; };
		CEBA29B121A4377F00D22099 /* rich.jpg */ = {isa = PBXFileReference; lastKnownFileType = image.jpeg; name = rich.jpg; path = ../../../rich.jpg; sourceTree = "<group>"; };
		CEBA29B321A4378600D22099 /* sonadia.jpg */ = {isa = PBXFileReference; lastKnownFileType = image.jpeg; name = sonadia.jpg; path = ../../../sonadia.jpg; sourceTree = "<group>"; };
		CEBA29B521A4378C00D22099 /* Teknaf.jpg */ = {isa = PBXFileReference; lastKnownFileType = image.jpeg; name = Teknaf.jpg; path = ../../../Teknaf.jpg; sourceTree = "<group>"; };
		CEBA29B721A4379200D22099 /* zinda.jpg */ = {isa = PBXFileReference; lastKnownFileType = image.jpeg; name = zinda.jpg; path = ../../../zinda.jpg; sourceTree = "<group>"; };
		CEC7484721A1DB6E00C70145 /* ExpandingCell.xib */ = {isa = PBXFileReference; lastKnownFileType = file.xib; path = ExpandingCell.xib; sourceTree = "<group>"; };
		CEC7484921A1DBDC00C70145 /* ExpandingCell.h */ = {isa = PBXFileReference; lastKnownFileType = sourcecode.c.h; path = ExpandingCell.h; sourceTree = "<group>"; };
		CEC7484A21A1DBDC00C70145 /* ExpandingCell.m */ = {isa = PBXFileReference; lastKnownFileType = sourcecode.c.objc; path = ExpandingCell.m; sourceTree = "<group>"; };
		CEC7484C21A319B200C70145 /* DetailViewController.h */ = {isa = PBXFileReference; lastKnownFileType = sourcecode.c.h; path = DetailViewController.h; sourceTree = "<group>"; };
		CEC7484D21A319B200C70145 /* DetailViewController.m */ = {isa = PBXFileReference; lastKnownFileType = sourcecode.c.objc; path = DetailViewController.m; sourceTree = "<group>"; };
		CEC7484E21A319B200C70145 /* DetailViewController.xib */ = {isa = PBXFileReference; lastKnownFileType = file.xib; path = DetailViewController.xib; sourceTree = "<group>"; };
		CEC7485121A31EF800C70145 /* golden_temple.jpg */ = {isa = PBXFileReference; lastKnownFileType = image.jpeg; name = golden_temple.jpg; path = ../../../golden_temple.jpg; sourceTree = "<group>"; };
		CEC7485321A3E6B600C70145 /* Ahsan_Manzil.jpg */ = {isa = PBXFileReference; lastKnownFileType = image.jpeg; name = Ahsan_Manzil.jpg; path = ../../../Ahsan_Manzil.jpg; sourceTree = "<group>"; };
		CEC7485521A3E6C000C70145 /* bagha.jpeg */ = {isa = PBXFileReference; lastKnownFileType = image.jpeg; name = bagha.jpeg; path = ../../../bagha.jpeg; sourceTree = "<group>"; };
		CEC7485721A3E6D600C70145 /* shat_gambuj.jpeg */ = {isa = PBXFileReference; lastKnownFileType = image.jpeg; name = shat_gambuj.jpeg; path = ../../../shat_gambuj.jpeg; sourceTree = "<group>"; };
		CEC7485921A3E6DD00C70145 /* tara.jpg */ = {isa = PBXFileReference; lastKnownFileType = image.jpeg; name = tara.jpg; path = ../../../tara.jpg; sourceTree = "<group>"; };
		CEC776C021917ED800C5F5B9 /* 3.png */ = {isa = PBXFileReference; lastKnownFileType = image.png; path = 3.png; sourceTree = "<group>"; };
/* End PBXFileReference section */

/* Begin PBXFrameworksBuildPhase section */
		50236B8821899A9F009282A3 /* Frameworks */ = {
			isa = PBXFrameworksBuildPhase;
			buildActionMask = 2147483647;
			files = (
				CE7B89DD219D8708005E9BFA /* MapKit.framework in Frameworks */,
			);
			runOnlyForDeploymentPostprocessing = 0;
		};
/* End PBXFrameworksBuildPhase section */

/* Begin PBXGroup section */
		50236B8221899A9F009282A3 = {
			isa = PBXGroup;
			children = (
				50236B8D21899A9F009282A3 /* tripBD */,
				50236B8C21899A9F009282A3 /* Products */,
				CE7B89DB219D8706005E9BFA /* Frameworks */,
			);
			sourceTree = "<group>";
		};
		50236B8C21899A9F009282A3 /* Products */ = {
			isa = PBXGroup;
			children = (
				50236B8B21899A9F009282A3 /* tripBD.app */,
			);
			name = Products;
			sourceTree = "<group>";
		};
		50236B8D21899A9F009282A3 /* tripBD */ = {
			isa = PBXGroup;
			children = (
				CE72646B219DE086008A356A /* images */,
				50236B8E21899A9F009282A3 /* AppDelegate.h */,
				50236B8F21899A9F009282A3 /* AppDelegate.m */,
				50236B9121899A9F009282A3 /* ViewController.h */,
				50236B9221899A9F009282A3 /* ViewController.m */,
				CEC7484C21A319B200C70145 /* DetailViewController.h */,
				CEC7484D21A319B200C70145 /* DetailViewController.m */,
				CEC7484E21A319B200C70145 /* DetailViewController.xib */,
				CEC7484721A1DB6E00C70145 /* ExpandingCell.xib */,
				CEC7484921A1DBDC00C70145 /* ExpandingCell.h */,
				CEC7484A21A1DBDC00C70145 /* ExpandingCell.m */,
				50236B9421899A9F009282A3 /* Main.storyboard */,
				50236B9721899AA1009282A3 /* Assets.xcassets */,
				50236B9921899AA1009282A3 /* LaunchScreen.storyboard */,
				50236B9C21899AA1009282A3 /* Info.plist */,
				50236B9D21899AA1009282A3 /* main.m */,
			);
			path = tripBD;
			sourceTree = "<group>";
		};
		CE72646B219DE086008A356A /* images */ = {
			isa = PBXGroup;
			children = (
				CEBA29B721A4379200D22099 /* zinda.jpg */,
				CEBA29B521A4378C00D22099 /* Teknaf.jpg */,
				CEBA29B321A4378600D22099 /* sonadia.jpg */,
				CEBA29B121A4377F00D22099 /* rich.jpg */,
				CEBA29AB21A4376B00D22099 /* Rajban.jpg */,
				CEBA29AF21A4377800D22099 /* rasel.jpg */,
				CEBA29A921A4376400D22099 /* prantik.jpg */,
				CEBA29AD21A4377200D22099 /* ramna .jpg */,
				CEBA29A721A4375C00D22099 /* nandan.jpg */,
				CEBA29A521A4375600D22099 /* nafakhum.jpg */,
				CEBA29A321A4374D00D22099 /* maynamati.jpg */,
				CEBA29A121A4374600D22099 /* lalbagh.JPG */,
				CEBA299F21A4373F00D22099 /* jaflong.jpg */,
				CEBA299D21A4373600D22099 /* himchori.jpeg */,
				CEBA299B21A4372E00D22099 /* greenland.jpg */,
				CEBA299921A4372500D22099 /* Curjon hall.jpeg */,
				CEBA299721A4371E00D22099 /* boga.jpg */,
				CEBA299521A4371800D22099 /* Bangabhaban.jpg */,
				CEBA299121A4370900D22099 /* alu.jpg */,
				CEBA299321A4371000D22099 /* amiyakhum.jpg */,
				CEC7485521A3E6C000C70145 /* bagha.jpeg */,
				CEC7485921A3E6DD00C70145 /* tara.jpg */,
				CEC7485721A3E6D600C70145 /* shat_gambuj.jpeg */,
				CEC7485321A3E6B600C70145 /* Ahsan_Manzil.jpg */,
				CE7B89D9219D7A17005E9BFA /* back.png */,
				CE7B89D5219B4180005E9BFA /* menu.png */,
				CE7B89D7219D6DAF005E9BFA /* map.png */,
				CEC7485121A31EF800C70145 /* golden_temple.jpg */,
				CE7B89CE219B08E7005E9BFA /* up.png */,
				CE7B89D0219B08F0005E9BFA /* down.png */,
				CEC776C021917ED800C5F5B9 /* 3.png */,
				CE56A55E2189FD6700E67758 /* ict.png */,
				CE56A55C2189FBC200E67758 /* visitbanla.png */,
				50236BA421899CA5009282A3 /* Beautiful-Bangladesh-English.png */,
			);
			path = images;
			sourceTree = "<group>";
		};
		CE7B89DB219D8706005E9BFA /* Frameworks */ = {
			isa = PBXGroup;
			children = (
				CE7B89DC219D8708005E9BFA /* MapKit.framework */,
			);
			name = Frameworks;
			sourceTree = "<group>";
		};
/* End PBXGroup section */

/* Begin PBXNativeTarget section */
		50236B8A21899A9F009282A3 /* tripBD */ = {
			isa = PBXNativeTarget;
			buildConfigurationList = 50236BA121899AA1009282A3 /* Build configuration list for PBXNativeTarget "tripBD" */;
			buildPhases = (
				50236B8721899A9F009282A3 /* Sources */,
				50236B8821899A9F009282A3 /* Frameworks */,
				50236B8921899A9F009282A3 /* Resources */,
			);
			buildRules = (
			);
			dependencies = (
			);
			name = tripBD;
			productName = tripBD;
			productReference = 50236B8B21899A9F009282A3 /* tripBD.app */;
			productType = "com.apple.product-type.application";
		};
/* End PBXNativeTarget section */

/* Begin PBXProject section */
		50236B8321899A9F009282A3 /* Project object */ = {
			isa = PBXProject;
			attributes = {
				LastUpgradeCheck = 0940;
				ORGANIZATIONNAME = MCC;
				TargetAttributes = {
					50236B8A21899A9F009282A3 = {
						CreatedOnToolsVersion = 9.4;
					};
				};
			};
			buildConfigurationList = 50236B8621899A9F009282A3 /* Build configuration list for PBXProject "tripBD" */;
			compatibilityVersion = "Xcode 9.3";
			developmentRegion = en;
			hasScannedForEncodings = 0;
			knownRegions = (
				en,
				Base,
			);
			mainGroup = 50236B8221899A9F009282A3;
			productRefGroup = 50236B8C21899A9F009282A3 /* Products */;
			projectDirPath = "";
			projectRoot = "";
			targets = (
				50236B8A21899A9F009282A3 /* tripBD */,
			);
		};
/* End PBXProject section */

/* Begin PBXResourcesBuildPhase section */
		50236B8921899A9F009282A3 /* Resources */ = {
			isa = PBXResourcesBuildPhase;
			buildActionMask = 2147483647;
			files = (
				CEBA299221A4370900D22099 /* alu.jpg in Resources */,
				CE56A55F2189FD6700E67758 /* ict.png in Resources */,
				CEBA29A621A4375600D22099 /* nafakhum.jpg in Resources */,
				50236B9B21899AA1009282A3 /* LaunchScreen.storyboard in Resources */,
				CEBA29AE21A4377200D22099 /* ramna .jpg in Resources */,
				CE7B89D1219B08F0005E9BFA /* down.png in Resources */,
				50236B9821899AA1009282A3 /* Assets.xcassets in Resources */,
				CEC7485421A3E6B600C70145 /* Ahsan_Manzil.jpg in Resources */,
				CEBA29A421A4374D00D22099 /* maynamati.jpg in Resources */,
				CEBA29AC21A4376B00D22099 /* Rajban.jpg in Resources */,
				CEBA29B621A4378C00D22099 /* Teknaf.jpg in Resources */,
				CEC7485621A3E6C000C70145 /* bagha.jpeg in Resources */,
				CEC7485221A31EF800C70145 /* golden_temple.jpg in Resources */,
				CEBA299421A4371000D22099 /* amiyakhum.jpg in Resources */,
				CEBA29B221A4377F00D22099 /* rich.jpg in Resources */,
				CEBA299821A4371F00D22099 /* boga.jpg in Resources */,
				CEBA299E21A4373600D22099 /* himchori.jpeg in Resources */,
				CEC7485A21A3E6DD00C70145 /* tara.jpg in Resources */,
				50236BA521899CA5009282A3 /* Beautiful-Bangladesh-English.png in Resources */,
				CE7B89D8219D6DAF005E9BFA /* map.png in Resources */,
				CE56A55D2189FBC300E67758 /* visitbanla.png in Resources */,
				CEBA299A21A4372500D22099 /* Curjon hall.jpeg in Resources */,
				CEBA299621A4371800D22099 /* Bangabhaban.jpg in Resources */,
				CEBA29AA21A4376400D22099 /* prantik.jpg in Resources */,
				CEBA29B021A4377900D22099 /* rasel.jpg in Resources */,
				CEBA29B421A4378600D22099 /* sonadia.jpg in Resources */,
				CEBA299C21A4372E00D22099 /* greenland.jpg in Resources */,
				CEC7484821A1DB6E00C70145 /* ExpandingCell.xib in Resources */,
				CE7B89D6219B4180005E9BFA /* menu.png in Resources */,
				CEC7485021A319B200C70145 /* DetailViewController.xib in Resources */,
				CEC7485821A3E6D600C70145 /* shat_gambuj.jpeg in Resources */,
				CE7B89DA219D7A17005E9BFA /* back.png in Resources */,
				CEC776C121917ED900C5F5B9 /* 3.png in Resources */,
				CE7B89CF219B08E8005E9BFA /* up.png in Resources */,
				CEBA29A221A4374600D22099 /* lalbagh.JPG in Resources */,
				50236B9621899A9F009282A3 /* Main.storyboard in Resources */,
				CEBA29A021A4373F00D22099 /* jaflong.jpg in Resources */,
				CEBA29B821A4379300D22099 /* zinda.jpg in Resources */,
				CEBA29A821A4375C00D22099 /* nandan.jpg in Resources */,
			);
			runOnlyForDeploymentPostprocessing = 0;
		};
/* End PBXResourcesBuildPhase section */

/* Begin PBXSourcesBuildPhase section */
		50236B8721899A9F009282A3 /* Sources */ = {
			isa = PBXSourcesBuildPhase;
			buildActionMask = 2147483647;
			files = (
				CEC7484F21A319B200C70145 /* DetailViewController.m in Sources */,
				CEC7484B21A1DBDC00C70145 /* ExpandingCell.m in Sources */,
				50236B9321899A9F009282A3 /* ViewController.m in Sources */,
				50236B9E21899AA1009282A3 /* main.m in Sources */,
				50236B9021899A9F009282A3 /* AppDelegate.m in Sources */,
			);
			runOnlyForDeploymentPostprocessing = 0;
		};
/* End PBXSourcesBuildPhase section */

/* Begin PBXVariantGroup section */
		50236B9421899A9F009282A3 /* Main.storyboard */ = {
			isa = PBXVariantGroup;
			children = (
				50236B9521899A9F009282A3 /* Base */,
			);
			name = Main.storyboard;
			sourceTree = "<group>";
		};
		50236B9921899AA1009282A3 /* LaunchScreen.storyboard */ = {
			isa = PBXVariantGroup;
			children = (
				50236B9A21899AA1009282A3 /* Base */,
			);
			name = LaunchScreen.storyboard;
			sourceTree = "<group>";
		};
/* End PBXVariantGroup section */

/* Begin XCBuildConfiguration section */
		50236B9F21899AA1009282A3 /* Debug */ = {
			isa = XCBuildConfiguration;
			buildSettings = {
				ALWAYS_SEARCH_USER_PATHS = NO;
				CLANG_ANALYZER_NONNULL = YES;
				CLANG_ANALYZER_NUMBER_OBJECT_CONVERSION = YES_AGGRESSIVE;
				CLANG_CXX_LANGUAGE_STANDARD = "gnu++14";
				CLANG_CXX_LIBRARY = "libc++";
				CLANG_ENABLE_MODULES = YES;
				CLANG_ENABLE_OBJC_ARC = YES;
				CLANG_ENABLE_OBJC_WEAK = YES;
				CLANG_WARN_BLOCK_CAPTURE_AUTORELEASING = YES;
				CLANG_WARN_BOOL_CONVERSION = YES;
				CLANG_WARN_COMMA = YES;
				CLANG_WARN_CONSTANT_CONVERSION = YES;
				CLANG_WARN_DEPRECATED_OBJC_IMPLEMENTATIONS = YES;
				CLANG_WARN_DIRECT_OBJC_ISA_USAGE = YES_ERROR;
				CLANG_WARN_DOCUMENTATION_COMMENTS = YES;
				CLANG_WARN_EMPTY_BODY = YES;
				CLANG_WARN_ENUM_CONVERSION = YES;
				CLANG_WARN_INFINITE_RECURSION = YES;
				CLANG_WARN_INT_CONVERSION = YES;
				CLANG_WARN_NON_LITERAL_NULL_CONVERSION = YES;
				CLANG_WARN_OBJC_IMPLICIT_RETAIN_SELF = YES;
				CLANG_WARN_OBJC_LITERAL_CONVERSION = YES;
				CLANG_WARN_OBJC_ROOT_CLASS = YES_ERROR;
				CLANG_WARN_RANGE_LOOP_ANALYSIS = YES;
				CLANG_WARN_STRICT_PROTOTYPES = YES;
				CLANG_WARN_SUSPICIOUS_MOVE = YES;
				CLANG_WARN_UNGUARDED_AVAILABILITY = YES_AGGRESSIVE;
				CLANG_WARN_UNREACHABLE_CODE = YES;
				CLANG_WARN__DUPLICATE_METHOD_MATCH = YES;
				CODE_SIGN_IDENTITY = "iPhone Developer";
				COPY_PHASE_STRIP = NO;
				DEBUG_INFORMATION_FORMAT = dwarf;
				ENABLE_STRICT_OBJC_MSGSEND = YES;
				ENABLE_TESTABILITY = YES;
				GCC_C_LANGUAGE_STANDARD = gnu11;
				GCC_DYNAMIC_NO_PIC = NO;
				GCC_NO_COMMON_BLOCKS = YES;
				GCC_OPTIMIZATION_LEVEL = 0;
				GCC_PREPROCESSOR_DEFINITIONS = (
					"DEBUG=1",
					"$(inherited)",
				);
				GCC_WARN_64_TO_32_BIT_CONVERSION = YES;
				GCC_WARN_ABOUT_RETURN_TYPE = YES_ERROR;
				GCC_WARN_UNDECLARED_SELECTOR = YES;
				GCC_WARN_UNINITIALIZED_AUTOS = YES_AGGRESSIVE;
				GCC_WARN_UNUSED_FUNCTION = YES;
				GCC_WARN_UNUSED_VARIABLE = YES;
				IPHONEOS_DEPLOYMENT_TARGET = 11.4;
				MTL_ENABLE_DEBUG_INFO = YES;
				ONLY_ACTIVE_ARCH = YES;
				SDKROOT = iphoneos;
			};
			name = Debug;
		};
		50236BA021899AA1009282A3 /* Release */ = {
			isa = XCBuildConfiguration;
			buildSettings = {
				ALWAYS_SEARCH_USER_PATHS = NO;
				CLANG_ANALYZER_NONNULL = YES;
				CLANG_ANALYZER_NUMBER_OBJECT_CONVERSION = YES_AGGRESSIVE;
				CLANG_CXX_LANGUAGE_STANDARD = "gnu++14";
				CLANG_CXX_LIBRARY = "libc++";
				CLANG_ENABLE_MODULES = YES;
				CLANG_ENABLE_OBJC_ARC = YES;
				CLANG_ENABLE_OBJC_WEAK = YES;
				CLANG_WARN_BLOCK_CAPTURE_AUTORELEASING = YES;
				CLANG_WARN_BOOL_CONVERSION = YES;
				CLANG_WARN_COMMA = YES;
				CLANG_WARN_CONSTANT_CONVERSION = YES;
				CLANG_WARN_DEPRECATED_OBJC_IMPLEMENTATIONS = YES;
				CLANG_WARN_DIRECT_OBJC_ISA_USAGE = YES_ERROR;
				CLANG_WARN_DOCUMENTATION_COMMENTS = YES;
				CLANG_WARN_EMPTY_BODY = YES;
				CLANG_WARN_ENUM_CONVERSION = YES;
				CLANG_WARN_INFINITE_RECURSION = YES;
				CLANG_WARN_INT_CONVERSION = YES;
				CLANG_WARN_NON_LITERAL_NULL_CONVERSION = YES;
				CLANG_WARN_OBJC_IMPLICIT_RETAIN_SELF = YES;
				CLANG_WARN_OBJC_LITERAL_CONVERSION = YES;
				CLANG_WARN_OBJC_ROOT_CLASS = YES_ERROR;
				CLANG_WARN_RANGE_LOOP_ANALYSIS = YES;
				CLANG_WARN_STRICT_PROTOTYPES = YES;
				CLANG_WARN_SUSPICIOUS_MOVE = YES;
				CLANG_WARN_UNGUARDED_AVAILABILITY = YES_AGGRESSIVE;
				CLANG_WARN_UNREACHABLE_CODE = YES;
				CLANG_WARN__DUPLICATE_METHOD_MATCH = YES;
				CODE_SIGN_IDENTITY = "iPhone Developer";
				COPY_PHASE_STRIP = NO;
				DEBUG_INFORMATION_FORMAT = "dwarf-with-dsym";
				ENABLE_NS_ASSERTIONS = NO;
				ENABLE_STRICT_OBJC_MSGSEND = YES;
				GCC_C_LANGUAGE_STANDARD = gnu11;
				GCC_NO_COMMON_BLOCKS = YES;
				GCC_WARN_64_TO_32_BIT_CONVERSION = YES;
				GCC_WARN_ABOUT_RETURN_TYPE = YES_ERROR;
				GCC_WARN_UNDECLARED_SELECTOR = YES;
				GCC_WARN_UNINITIALIZED_AUTOS = YES_AGGRESSIVE;
				GCC_WARN_UNUSED_FUNCTION = YES;
				GCC_WARN_UNUSED_VARIABLE = YES;
				IPHONEOS_DEPLOYMENT_TARGET = 11.4;
				MTL_ENABLE_DEBUG_INFO = NO;
				SDKROOT = iphoneos;
				VALIDATE_PRODUCT = YES;
			};
			name = Release;
		};
		50236BA221899AA1009282A3 /* Debug */ = {
			isa = XCBuildConfiguration;
			buildSettings = {
				ASSETCATALOG_COMPILER_APPICON_NAME = AppIcon;
				CODE_SIGN_STYLE = Automatic;
				DEVELOPMENT_TEAM = "";
				INFOPLIST_FILE = tripBD/Info.plist;
				LD_RUNPATH_SEARCH_PATHS = (
					"$(inherited)",
					"@executable_path/Frameworks",
				);
				PRODUCT_BUNDLE_IDENTIFIER = ml.tripBD;
				PRODUCT_NAME = "$(TARGET_NAME)";
				TARGETED_DEVICE_FAMILY = "1,2";
			};
			name = Debug;
		};
		50236BA321899AA1009282A3 /* Release */ = {
			isa = XCBuildConfiguration;
			buildSettings = {
				ASSETCATALOG_COMPILER_APPICON_NAME = AppIcon;
				CODE_SIGN_STYLE = Automatic;
				DEVELOPMENT_TEAM = "";
				INFOPLIST_FILE = tripBD/Info.plist;
				LD_RUNPATH_SEARCH_PATHS = (
					"$(inherited)",
					"@executable_path/Frameworks",
				);
				PRODUCT_BUNDLE_IDENTIFIER = ml.tripBD;
				PRODUCT_NAME = "$(TARGET_NAME)";
				TARGETED_DEVICE_FAMILY = "1,2";
			};
			name = Release;
		};
/* End XCBuildConfiguration section */

/* Begin XCConfigurationList section */
		50236B8621899A9F009282A3 /* Build configuration list for PBXProject "tripBD" */ = {
			isa = XCConfigurationList;
			buildConfigurations = (
				50236B9F21899AA1009282A3 /* Debug */,
				50236BA021899AA1009282A3 /* Release */,
			);
			defaultConfigurationIsVisible = 0;
			defaultConfigurationName = Release;
		};
		50236BA121899AA1009282A3 /* Build configuration list for PBXNativeTarget "tripBD" */ = {
			isa = XCConfigurationList;
			buildConfigurations = (
				50236BA221899AA1009282A3 /* Debug */,
				50236BA321899AA1009282A3 /* Release */,
			);
			defaultConfigurationIsVisible = 0;
			defaultConfigurationName = Release;
		};
/* End XCConfigurationList section */
	};
	rootObject = 50236B8321899A9F009282A3 /* Project object */;
}
